
Microsoft Visual Studio Solution File, Format Version 11.00
# Visual Studio 2010
Project("{FAE04EC0-301F-11D3-BF4B-00C04F79EFBC}") = "RazorSVG", "RazorSVG.csproj", "{615B2613-8E44-4E1A-BB2C-EA03014C650E}"
EndProject
Global
	GlobalSection(SolutionConfigurationPlatforms) = preSolution
		Debug|Any CPU = Debug|Any CPU
		Release|Any CPU = Release|Any CPU
	EndGlobalSection
	GlobalSection(ProjectConfigurationPlatforms) = postSolution
		{615B2613-8E44-4E1A-BB2C-EA03014C650E}.Debug|Any CPU.ActiveCfg = Debug|Any CPU
		{615B2613-8E44-4E1A-BB2C-EA03014C650E}.Debug|Any CPU.Build.0 = Debug|Any CPU
		{615B2613-8E44-4E1A-BB2C-EA03014C650E}.Release|Any CPU.ActiveCfg = Release|Any CPU
		{615B2613-8E44-4E1A-BB2C-EA03014C650E}.Release|Any CPU.Build.0 = Release|Any CPU
	EndGlobalSection
	GlobalSection(MonoDevelopProperties) = preSolution
		StartupItem = RazorSVG.csproj
	EndGlobalSection
EndGlobal
